// !$*UTF8*$!
{
	archiveVersion = 1;
	classes = {
	};
	objectVersion = 77;
	objects = {

/* Begin PBXBuildFile section */
		51040FAB2FE971E200439ACF /* CombineCocoa in Frameworks */ = {isa = PBXBuildFile; productRef = 51040FAA2FE971E200439ACF /* CombineCocoa */; };
		510412572FE9778B00439ACF /* Alamofire in Frameworks */ = {isa = PBXBuildFile; productRef = 510412562FE9778B00439ACF /* Alamofire */; };
		5104125A2FE977A400439ACF /* Kingfisher in Frameworks */ = {isa = PBXBuildFile; productRef = 510412592FE977A400439ACF /* Kingfisher */; };
		5104125D2FE9783800439ACF /* CasePaths in Frameworks */ = {isa = PBXBuildFile; productRef = 5104125C2FE9783800439ACF /* CasePaths */; };
		5104126C2FE97A2300439ACF /* Navigation in Frameworks */ = {isa = PBXBuildFile; productRef = 5104126B2FE97A2300439ACF /* Navigation */; };
		5104126F2FE97A3600439ACF /* Navigation in Frameworks */ = {isa = PBXBuildFile; productRef = 5104126E2FE97A3600439ACF /* Navigation */; };
		51B3DE992FDB0D5200285A92 /* DesignSystem in Frameworks */ = {isa = PBXBuildFile; productRef = 51B3DE982FDB0D5200285A92 /* DesignSystem */; };
		51B3DE9C2FDB0E3E00285A92 /* SnapKit in Frameworks */ = {isa = PBXBuildFile; productRef = 51B3DE9B2FDB0E3E00285A92 /* SnapKit */; };
/* End PBXBuildFile section */

/* Begin PBXFileReference section */
		512430B62FCC4957004D7929 /* Saion.app */ = {isa = PBXFileReference; explicitFileType = wrapper.application; includeInIndex = 0; path = Saion.app; sourceTree = BUILT_PRODUCTS_DIR; };
/* End PBXFileReference section */

/* Begin PBXFileSystemSynchronizedBuildFileExceptionSet section */
		512430C82FCC4958004D7929 /* Exceptions for "Saion" folder in "Saion" target */ = {
			isa = PBXFileSystemSynchronizedBuildFileExceptionSet;
			membershipExceptions = (
				Resource/Info.plist,
			);
			target = 512430B52FCC4957004D7929 /* Saion */;
		};
/* End PBXFileSystemSynchronizedBuildFileExceptionSet section */

/* Begin PBXFileSystemSynchronizedRootGroup section */
		512430B82FCC4957004D7929 /* Saion */ = {
			isa = PBXFileSystemSynchronizedRootGroup;
			exceptions = (
				512430C82FCC4958004D7929 /* Exceptions for "Saion" folder in "Saion" target */,
			);
			path = Saion;
			sourceTree = "<group>";
		};
/* End PBXFileSystemSynchronizedRootGroup section */

/* Begin PBXFrameworksBuildPhase section */
		512430B32FCC4957004D7929 /* Frameworks */ = {
			isa = PBXFrameworksBuildPhase;
			buildActionMask = 2147483647;
			files = (
				51B3DE992FDB0D5200285A92 /* DesignSystem in Frameworks */,
				510412572FE9778B00439ACF /* Alamofire in Frameworks */,
				5104126F2FE97A3600439ACF /* Navigation in Frameworks */,
				51040FAB2FE971E200439ACF /* CombineCocoa in Frameworks */,
				51B3DE9C2FDB0E3E00285A92 /* SnapKit in Frameworks */,
				5104126C2FE97A2300439ACF /* Navigation in Frameworks */,
				5104125A2FE977A400439ACF /* Kingfisher in Frameworks */,
				5104125D2FE9783800439ACF /* CasePaths in Frameworks */,
			);
			runOnlyForDeploymentPostprocessing = 0;
		};
/* End PBXFrameworksBuildPhase section */

/* Begin PBXGroup section */
		512430AD2FCC4957004D7929 = {
			isa = PBXGroup;
			children = (
				512430B82FCC4957004D7929 /* Saion */,
				512430B72FCC4957004D7929 /* Products */,
			);
			sourceTree = "<group>";
		};
		512430B72FCC4957004D7929 /* Products */ = {
			isa = PBXGroup;
			children = (
				512430B62FCC4957004D7929 /* Saion.app */,
			);
			name = Products;
			sourceTree = "<group>";
		};
/* End PBXGroup section */

/* Begin PBXNativeTarget section */
		512430B52FCC4957004D7929 /* Saion */ = {
			isa = PBXNativeTarget;
			buildConfigurationList = 512430C92FCC4958004D7929 /* Build configuration list for PBXNativeTarget "Saion" */;
			buildPhases = (
				512430B22FCC4957004D7929 /* Sources */,
				512430B32FCC4957004D7929 /* Frameworks */,
				512430B42FCC4957004D7929 /* Resources */,
			);
			buildRules = (
			);
			dependencies = (
			);
			fileSystemSynchronizedGroups = (
				512430B82FCC4957004D7929 /* Saion */,
			);
			name = Saion;
			packageProductDependencies = (
				51B3DE982FDB0D5200285A92 /* DesignSystem */,
				51B3DE9B2FDB0E3E00285A92 /* SnapKit */,
				51040FAA2FE971E200439ACF /* CombineCocoa */,
				510412562FE9778B00439ACF /* Alamofire */,
				510412592FE977A400439ACF /* Kingfisher */,
				5104125C2FE9783800439ACF /* CasePaths */,
				5104126B2FE97A2300439ACF /* Navigation */,
				5104126E2FE97A3600439ACF /* Navigation */,
			);
			productName = Saion;
			productReference = 512430B62FCC4957004D7929 /* Saion.app */;
			productType = "com.apple.product-type.application";
		};
/* End PBXNativeTarget section */

/* Begin PBXProject section */
		512430AE2FCC4957004D7929 /* Project object */ = {
			isa = PBXProject;
			attributes = {
				BuildIndependentTargetsInParallel = 1;
				LastSwiftUpdateCheck = 2650;
				LastUpgradeCheck = 2650;
				TargetAttributes = {
					512430B52FCC4957004D7929 = {
						CreatedOnToolsVersion = 26.5;
					};
				};
			};
			buildConfigurationList = 512430B12FCC4957004D7929 /* Build configuration list for PBXProject "Saion" */;
			developmentRegion = en;
			hasScannedForEncodings = 0;
			knownRegions = (
				en,
				Base,
			);
			mainGroup = 512430AD2FCC4957004D7929;
			minimizedProjectReferenceProxies = 1;
			packageReferences = (
				51B3DE972FDB0D5200285A92 /* XCLocalSwiftPackageReference "DesignSystem" */,
				51B3DE9A2FDB0E3E00285A92 /* XCRemoteSwiftPackageReference "SnapKit" */,
				51040FA92FE971E200439ACF /* XCRemoteSwiftPackageReference "CombineCocoa" */,
				510412552FE9778B00439ACF /* XCRemoteSwiftPackageReference "Alamofire" */,
				510412582FE977A400439ACF /* XCRemoteSwiftPackageReference "Kingfisher" */,
				5104125B2FE9783800439ACF /* XCRemoteSwiftPackageReference "swift-case-paths" */,
				5104126D2FE97A3600439ACF /* XCLocalSwiftPackageReference "Navigation" */,
			);
			preferredProjectObjectVersion = 77;
			productRefGroup = 512430B72FCC4957004D7929 /* Products */;
			projectDirPath = "";
			projectRoot = "";
			targets = (
				512430B52FCC4957004D7929 /* Saion */,
			);
		};
/* End PBXProject section */

/* Begin PBXResourcesBuildPhase section */
		512430B42FCC4957004D7929 /* Resources */ = {
			isa = PBXResourcesBuildPhase;
			buildActionMask = 2147483647;
			files = (
			);
			runOnlyForDeploymentPostprocessing = 0;
		};
/* End PBXResourcesBuildPhase section */

/* Begin PBXSourcesBuildPhase section */
		512430B22FCC4957004D7929 /* Sources */ = {
			isa = PBXSourcesBuildPhase;
			buildActionMask = 2147483647;
			files = (
			);
			runOnlyForDeploymentPostprocessing = 0;
		};
/* End PBXSourcesBuildPhase section */

/* Begin XCBuildConfiguration section */
		512430CA2FCC4958004D7929 /* Debug */ = {
			isa = XCBuildConfiguration;
			buildSettings = {
				ASSETCATALOG_COMPILER_APPICON_NAME = AppIcon;
				ASSETCATALOG_COMPILER_GLOBAL_ACCENT_COLOR_NAME = AccentColor;
				CODE_SIGN_STYLE = Automatic;
				DEVELOPMENT_TEAM = 4ZYD8FJ88F;
				GENERATE_INFOPLIST_FILE = YES;
				INFOPLIST_FILE = Saion/Resource/Info.plist;
				INFOPLIST_KEY_CFBundleDisplayName = "사이온";
				INFOPLIST_KEY_UIApplicationSupportsIndirectInputEvents = YES;
				INFOPLIST_KEY_UILaunchStoryboardName = LaunchScreen;
				INFOPLIST_KEY_UISupportedInterfaceOrientations = UIInterfaceOrientationPortrait;
				INFOPLIST_KEY_UISupportedInterfaceOrientations_iPad = "UIInterfaceOrientationLandscapeLeft UIInterfaceOrientationLandscapeRight UIInterfaceOrientationPortrait UIInterfaceOrientationPortraitUpsideDown";
				IPHONEOS_DEPLOYMENT_TARGET = 17.0;
				LD_RUNPATH_SEARCH_PATHS = (
					"$(inherited)",
					"@executable_path/Frameworks",
				);
				MARKETING_VERSION = 0.1.0;
				PRODUCT_BUNDLE_IDENTIFIER = com.saion.app;
				PRODUCT_NAME = "$(TARGET_NAME)";
				STRING_CATALOG_GENERATE_SYMBOLS = YES;
				SUPPORTED_PLATFORMS = "iphoneos iphonesimulator";
				SUPPORTS_MACCATALYST = NO;
				SUPPORTS_MAC_DESIGNED_FOR_IPHONE_IPAD = NO;
				SUPPORTS_XR_DESIGNED_FOR_IPHONE_IPAD = NO;
				SWIFT_APPROACHABLE_CONCURRENCY = YES;
				SWIFT_DEFAULT_ACTOR_ISOLATION = nonisolated;
				SWIFT_EMIT_LOC_STRINGS = YES;
				SWIFT_UPCOMING_FEATURE_MEMBER_IMPORT_VISIBILITY = YES;
				SWIFT_VERSION = 5.0;
				TARGETED_DEVICE_FAMILY = 1;
			};
			name = Debug;
		};
		512430CB2FCC4958004D7929 /* Release */ = {
			isa = XCBuildConfiguration;
			buildSettings = {
				ASSETCATALOG_COMPILER_APPICON_NAME = AppIcon;
				ASSETCATALOG_COMPILER_GLOBAL_ACCENT_COLOR_NAME = AccentColor;
				CODE_SIGN_STYLE = Automatic;
				DEVELOPMENT_TEAM = 4ZYD8FJ88F;
				GENERATE_INFOPLIST_FILE = YES;
				INFOPLIST_FILE = Saion/Resource/Info.plist;
				INFOPLIST_KEY_CFBundleDisplayName = "사이온";
				INFOPLIST_KEY_UIApplicationSupportsIndirectInputEvents = YES;
				INFOPLIST_KEY_UILaunchStoryboardName = LaunchScreen;
				INFOPLIST_KEY_UISupportedInterfaceOrientations = UIInterfaceOrientationPortrait;
				INFOPLIST_KEY_UISupportedInterfaceOrientations_iPad = "UIInterfaceOrientationLandscapeLeft UIInterfaceOrientationLandscapeRight UIInterfaceOrientationPortrait UIInterfaceOrientationPortraitUpsideDown";
				IPHONEOS_DEPLOYMENT_TARGET = 17.0;
				LD_RUNPATH_SEARCH_PATHS = (
					"$(inherited)",
					"@executable_path/Frameworks",
				);
				MARKETING_VERSION = 0.1.0;
				PRODUCT_BUNDLE_IDENTIFIER = com.saion.app;
				PRODUCT_NAME = "$(TARGET_NAME)";
				STRING_CATALOG_GENERATE_SYMBOLS = YES;
				SUPPORTED_PLATFORMS = "iphoneos iphonesimulator";
				SUPPORTS_MACCATALYST = NO;
				SUPPORTS_MAC_DESIGNED_FOR_IPHONE_IPAD = NO;
				SUPPORTS_XR_DESIGNED_FOR_IPHONE_IPAD = NO;
				SWIFT_APPROACHABLE_CONCURRENCY = YES;
				SWIFT_DEFAULT_ACTOR_ISOLATION = nonisolated;
				SWIFT_EMIT_LOC_STRINGS = YES;
				SWIFT_UPCOMING_FEATURE_MEMBER_IMPORT_VISIBILITY = YES;
				SWIFT_VERSION = 5.0;
				TARGETED_DEVICE_FAMILY = 1;
			};
			name = Release;
		};
		512430CC2FCC4958004D7929 /* Debug */ = {
			isa = XCBuildConfiguration;
			buildSettings = {
				ALWAYS_SEARCH_USER_PATHS = NO;
				ASSETCATALOG_COMPILER_GENERATE_SWIFT_ASSET_SYMBOL_EXTENSIONS = YES;
				CLANG_ANALYZER_NONNULL = YES;
				CLANG_ANALYZER_NUMBER_OBJECT_CONVERSION = YES_AGGRESSIVE;
				CLANG_CXX_LANGUAGE_STANDARD = "gnu++20";
				CLANG_ENABLE_MODULES = YES;
				CLANG_ENABLE_OBJC_ARC = YES;
				CLANG_ENABLE_OBJC_WEAK = YES;
				CLANG_WARN_BLOCK_CAPTURE_AUTORELEASING = YES;
				CLANG_WARN_BOOL_CONVERSION = YES;
				CLANG_WARN_COMMA = YES;
				CLANG_WARN_CONSTANT_CONVERSION = YES;
				CLANG_WARN_DEPRECATED_OBJC_IMPLEMENTATIONS = YES;
				CLANG_WARN_DIRECT_OBJC_ISA_USAGE = YES_ERROR;
				CLANG_WARN_DOCUMENTATION_COMMENTS = YES;
				CLANG_WARN_EMPTY_BODY = YES;
				CLANG_WARN_ENUM_CONVERSION = YES;
				CLANG_WARN_INFINITE_RECURSION = YES;
				CLANG_WARN_INT_CONVERSION = YES;
				CLANG_WARN_NON_LITERAL_NULL_CONVERSION = YES;
				CLANG_WARN_OBJC_IMPLICIT_RETAIN_SELF = YES;
				CLANG_WARN_OBJC_LITERAL_CONVERSION = YES;
				CLANG_WARN_OBJC_ROOT_CLASS = YES_ERROR;
				CLANG_WARN_QUOTED_INCLUDE_IN_FRAMEWORK_HEADER = YES;
				CLANG_WARN_RANGE_LOOP_ANALYSIS = YES;
				CLANG_WARN_STRICT_PROTOTYPES = YES;
				CLANG_WARN_SUSPICIOUS_MOVE = YES;
				CLANG_WARN_UNGUARDED_AVAILABILITY = YES_AGGRESSIVE;
				CLANG_WARN_UNREACHABLE_CODE = YES;
				CLANG_WARN__DUPLICATE_METHOD_MATCH = YES;
				COPY_PHASE_STRIP = NO;
				DEBUG_INFORMATION_FORMAT = dwarf;
				DEVELOPMENT_TEAM = 4ZYD8FJ88F;
				ENABLE_STRICT_OBJC_MSGSEND = YES;
				ENABLE_TESTABILITY = YES;
				ENABLE_USER_SCRIPT_SANDBOXING = YES;
				GCC_C_LANGUAGE_STANDARD = gnu17;
				GCC_DYNAMIC_NO_PIC = NO;
				GCC_NO_COMMON_BLOCKS = YES;
				GCC_OPTIMIZATION_LEVEL = 0;
				GCC_PREPROCESSOR_DEFINITIONS = (
					"DEBUG=1",
					"$(inherited)",
				);
				GCC_WARN_64_TO_32_BIT_CONVERSION = YES;
				GCC_WARN_ABOUT_RETURN_TYPE = YES_ERROR;
				GCC_WARN_UNDECLARED_SELECTOR = YES;
				GCC_WARN_UNINITIALIZED_AUTOS = YES_AGGRESSIVE;
				GCC_WARN_UNUSED_FUNCTION = YES;
				GCC_WARN_UNUSED_VARIABLE = YES;
				IPHONEOS_DEPLOYMENT_TARGET = 26.5;
				LOCALIZATION_PREFERS_STRING_CATALOGS = YES;
				MTL_ENABLE_DEBUG_INFO = INCLUDE_SOURCE;
				MTL_FAST_MATH = YES;
				ONLY_ACTIVE_ARCH = YES;
				SDKROOT = iphoneos;
				SWIFT_ACTIVE_COMPILATION_CONDITIONS = "DEBUG $(inherited)";
				SWIFT_OPTIMIZATION_LEVEL = "-Onone";
			};
			name = Debug;
		};
		512430CD2FCC4958004D7929 /* Release */ = {
			isa = XCBuildConfiguration;
			buildSettings = {
				ALWAYS_SEARCH_USER_PATHS = NO;
				ASSETCATALOG_COMPILER_GENERATE_SWIFT_ASSET_SYMBOL_EXTENSIONS = YES;
				CLANG_ANALYZER_NONNULL = YES;
				CLANG_ANALYZER_NUMBER_OBJECT_CONVERSION = YES_AGGRESSIVE;
				CLANG_CXX_LANGUAGE_STANDARD = "gnu++20";
				CLANG_ENABLE_MODULES = YES;
				CLANG_ENABLE_OBJC_ARC = YES;
				CLANG_ENABLE_OBJC_WEAK = YES;
				CLANG_WARN_BLOCK_CAPTURE_AUTORELEASING = YES;
				CLANG_WARN_BOOL_CONVERSION = YES;
				CLANG_WARN_COMMA = YES;
				CLANG_WARN_CONSTANT_CONVERSION = YES;
				CLANG_WARN_DEPRECATED_OBJC_IMPLEMENTATIONS = YES;
				CLANG_WARN_DIRECT_OBJC_ISA_USAGE = YES_ERROR;
				CLANG_WARN_DOCUMENTATION_COMMENTS = YES;
				CLANG_WARN_EMPTY_BODY = YES;
				CLANG_WARN_ENUM_CONVERSION = YES;
				CLANG_WARN_INFINITE_RECURSION = YES;
				CLANG_WARN_INT_CONVERSION = YES;
				CLANG_WARN_NON_LITERAL_NULL_CONVERSION = YES;
				CLANG_WARN_OBJC_IMPLICIT_RETAIN_SELF = YES;
				CLANG_WARN_OBJC_LITERAL_CONVERSION = YES;
				CLANG_WARN_OBJC_ROOT_CLASS = YES_ERROR;
				CLANG_WARN_QUOTED_INCLUDE_IN_FRAMEWORK_HEADER = YES;
				CLANG_WARN_RANGE_LOOP_ANALYSIS = YES;
				CLANG_WARN_STRICT_PROTOTYPES = YES;
				CLANG_WARN_SUSPICIOUS_MOVE = YES;
				CLANG_WARN_UNGUARDED_AVAILABILITY = YES_AGGRESSIVE;
				CLANG_WARN_UNREACHABLE_CODE = YES;
				CLANG_WARN__DUPLICATE_METHOD_MATCH = YES;
				COPY_PHASE_STRIP = NO;
				DEBUG_INFORMATION_FORMAT = "dwarf-with-dsym";
				DEVELOPMENT_TEAM = 4ZYD8FJ88F;
				ENABLE_NS_ASSERTIONS = NO;
				ENABLE_STRICT_OBJC_MSGSEND = YES;
				ENABLE_USER_SCRIPT_SANDBOXING = YES;
				GCC_C_LANGUAGE_STANDARD = gnu17;
				GCC_NO_COMMON_BLOCKS = YES;
				GCC_WARN_64_TO_32_BIT_CONVERSION = YES;
				GCC_WARN_ABOUT_RETURN_TYPE = YES_ERROR;
				GCC_WARN_UNDECLARED_SELECTOR = YES;
				GCC_WARN_UNINITIALIZED_AUTOS = YES_AGGRESSIVE;
				GCC_WARN_UNUSED_FUNCTION = YES;
				GCC_WARN_UNUSED_VARIABLE = YES;
				IPHONEOS_DEPLOYMENT_TARGET = 26.5;
				LOCALIZATION_PREFERS_STRING_CATALOGS = YES;
				MTL_ENABLE_DEBUG_INFO = NO;
				MTL_FAST_MATH = YES;
				SDKROOT = iphoneos;
				SWIFT_COMPILATION_MODE = wholemodule;
				VALIDATE_PRODUCT = YES;
			};
			name = Release;
		};
/* End XCBuildConfiguration section */

/* Begin XCConfigurationList section */
		512430B12FCC4957004D7929 /* Build configuration list for PBXProject "Saion" */ = {
			isa = XCConfigurationList;
			buildConfigurations = (
				512430CC2FCC4958004D7929 /* Debug */,
				512430CD2FCC4958004D7929 /* Release */,
			);
			defaultConfigurationIsVisible = 0;
			defaultConfigurationName = Release;
		};
		512430C92FCC4958004D7929 /* Build configuration list for PBXNativeTarget "Saion" */ = {
			isa = XCConfigurationList;
			buildConfigurations = (
				512430CA2FCC4958004D7929 /* Debug */,
				512430CB2FCC4958004D7929 /* Release */,
			);
			defaultConfigurationIsVisible = 0;
			defaultConfigurationName = Release;
		};
/* End XCConfigurationList section */

/* Begin XCLocalSwiftPackageReference section */
		5104126D2FE97A3600439ACF /* XCLocalSwiftPackageReference "Navigation" */ = {
			isa = XCLocalSwiftPackageReference;
			relativePath = Navigation;
		};
		51B3DE972FDB0D5200285A92 /* XCLocalSwiftPackageReference "DesignSystem" */ = {
			isa = XCLocalSwiftPackageReference;
			relativePath = DesignSystem;
		};
/* End XCLocalSwiftPackageReference section */

/* Begin XCRemoteSwiftPackageReference section */
		51040FA92FE971E200439ACF /* XCRemoteSwiftPackageReference "CombineCocoa" */ = {
			isa = XCRemoteSwiftPackageReference;
			repositoryURL = "https://github.com/CombineCommunity/CombineCocoa.git";
			requirement = {
				kind = upToNextMajorVersion;
				minimumVersion = 0.4.1;
			};
		};
		510412552FE9778B00439ACF /* XCRemoteSwiftPackageReference "Alamofire" */ = {
			isa = XCRemoteSwiftPackageReference;
			repositoryURL = "https://github.com/Alamofire/Alamofire.git";
			requirement = {
				kind = upToNextMajorVersion;
				minimumVersion = 5.12.0;
			};
		};
		510412582FE977A400439ACF /* XCRemoteSwiftPackageReference "Kingfisher" */ = {
			isa = XCRemoteSwiftPackageReference;
			repositoryURL = "https://github.com/onevcat/Kingfisher.git";
			requirement = {
				kind = upToNextMajorVersion;
				minimumVersion = 8.10.0;
			};
		};
		5104125B2FE9783800439ACF /* XCRemoteSwiftPackageReference "swift-case-paths" */ = {
			isa = XCRemoteSwiftPackageReference;
			repositoryURL = "https://github.com/pointfreeco/swift-case-paths.git";
			requirement = {
				kind = upToNextMajorVersion;
				minimumVersion = 1.8.0;
			};
		};
		51B3DE9A2FDB0E3E00285A92 /* XCRemoteSwiftPackageReference "SnapKit" */ = {
			isa = XCRemoteSwiftPackageReference;
			repositoryURL = "https://github.com/SnapKit/SnapKit";
			requirement = {
				kind = upToNextMajorVersion;
				minimumVersion = 6.0.0;
			};
		};
/* End XCRemoteSwiftPackageReference section */

/* Begin XCSwiftPackageProductDependency section */
		51040FAA2FE971E200439ACF /* CombineCocoa */ = {
			isa = XCSwiftPackageProductDependency;
			package = 51040FA92FE971E200439ACF /* XCRemoteSwiftPackageReference "CombineCocoa" */;
			productName = CombineCocoa;
		};
		510412562FE9778B00439ACF /* Alamofire */ = {
			isa = XCSwiftPackageProductDependency;
			package = 510412552FE9778B00439ACF /* XCRemoteSwiftPackageReference "Alamofire" */;
			productName = Alamofire;
		};
		510412592FE977A400439ACF /* Kingfisher */ = {
			isa = XCSwiftPackageProductDependency;
			package = 510412582FE977A400439ACF /* XCRemoteSwiftPackageReference "Kingfisher" */;
			productName = Kingfisher;
		};
		5104125C2FE9783800439ACF /* CasePaths */ = {
			isa = XCSwiftPackageProductDependency;
			package = 5104125B2FE9783800439ACF /* XCRemoteSwiftPackageReference "swift-case-paths" */;
			productName = CasePaths;
		};
		5104126B2FE97A2300439ACF /* Navigation */ = {
			isa = XCSwiftPackageProductDependency;
			package = 5104125B2FE9783800439ACF /* XCRemoteSwiftPackageReference "swift-case-paths" */;
			productName = Navigation;
		};
		5104126E2FE97A3600439ACF /* Navigation */ = {
			isa = XCSwiftPackageProductDependency;
			productName = Navigation;
		};
		51B3DE982FDB0D5200285A92 /* DesignSystem */ = {
			isa = XCSwiftPackageProductDependency;
			productName = DesignSystem;
		};
		51B3DE9B2FDB0E3E00285A92 /* SnapKit */ = {
			isa = XCSwiftPackageProductDependency;
			package = 51B3DE9A2FDB0E3E00285A92 /* XCRemoteSwiftPackageReference "SnapKit" */;
			productName = SnapKit;
		};
/* End XCSwiftPackageProductDependency section */
	};
	rootObject = 512430AE2FCC4957004D7929 /* Project object */;
}
